
Microsoft Visual Studio Solution File, Format Version 12.00
# Visual Studio 14
VisualStudioVersion = 14.0.25420.1
MinimumVisualStudioVersion = 10.0.40219.1
Project("{FAE04EC0-301F-11D3-BF4B-00C04F79EFBC}") = "ViVenty.Domain", "ViVenty.Domain\ViVenty.Domain.csproj", "{1F532886-8F1F-4B0A-8B47-5B4E81CBDC69}"
EndProject
Project("{FAE04EC0-301F-11D3-BF4B-00C04F79EFBC}") = "ViVenty.WebUI", "ViVenty.WebUI\ViVenty.WebUI.csproj", "{DCC060CD-95B0-4975-B051-B57091437182}"
EndProject
Project("{FAE04EC0-301F-11D3-BF4B-00C04F79EFBC}") = "ViVenty.UnitTests", "ViVenty.UnitTests\ViVenty.UnitTests.csproj", "{932C8A9E-68AA-40F9-9797-5C3189FB4692}"
EndProject
Global
	GlobalSection(SolutionConfigurationPlatforms) = preSolution
		Debug|Any CPU = Debug|Any CPU
		Release|Any CPU = Release|Any CPU
	EndGlobalSection
	GlobalSection(ProjectConfigurationPlatforms) = postSolution
		{1F532886-8F1F-4B0A-8B47-5B4E81CBDC69}.Debug|Any CPU.ActiveCfg = Debug|Any CPU
		{1F532886-8F1F-4B0A-8B47-5B4E81CBDC69}.Debug|Any CPU.Build.0 = Debug|Any CPU
		{1F532886-8F1F-4B0A-8B47-5B4E81CBDC69}.Release|Any CPU.ActiveCfg = Release|Any CPU
		{1F532886-8F1F-4B0A-8B47-5B4E81CBDC69}.Release|Any CPU.Build.0 = Release|Any CPU
		{DCC060CD-95B0-4975-B051-B57091437182}.Debug|Any CPU.ActiveCfg = Debug|Any CPU
		{DCC060CD-95B0-4975-B051-B57091437182}.Debug|Any CPU.Build.0 = Debug|Any CPU
		{DCC060CD-95B0-4975-B051-B57091437182}.Release|Any CPU.ActiveCfg = Release|Any CPU
		{DCC060CD-95B0-4975-B051-B57091437182}.Release|Any CPU.Build.0 = Release|Any CPU
		{932C8A9E-68AA-40F9-9797-5C3189FB4692}.Debug|Any CPU.ActiveCfg = Debug|Any CPU
		{932C8A9E-68AA-40F9-9797-5C3189FB4692}.Debug|Any CPU.Build.0 = Debug|Any CPU
		{932C8A9E-68AA-40F9-9797-5C3189FB4692}.Release|Any CPU.ActiveCfg = Release|Any CPU
		{932C8A9E-68AA-40F9-9797-5C3189FB4692}.Release|Any CPU.Build.0 = Release|Any CPU
	EndGlobalSection
	GlobalSection(SolutionProperties) = preSolution
		HideSolutionNode = FALSE
	EndGlobalSection
EndGlobal
